// !$*UTF8*$!
{
	archiveVersion = 1;
	classes = {
	};
	objectVersion = 56;
	objects = {

/* Begin PBXBuildFile section */
		012C68315678B16C634301DC /* Pods_Deep_Thoughts_by_Norris_2.framework in Frameworks */ = {isa = PBXBuildFile; fileRef = 4FA68D9D2BD59C63F980D16A /* Pods_Deep_Thoughts_by_Norris_2.framework */; };
		A5499A7C2CC0D312002BD49E /* QuoteModel.swift in Sources */ = {isa = PBXBuildFile; fileRef = A5499A7B2CC0D312002BD49E /* QuoteModel.swift */; };
		A567E22B2CC0DD2E00D43EF0 /* RandomQuoteView.swift in Sources */ = {isa = PBXBuildFile; fileRef = A567E22A2CC0DD2E00D43EF0 /* RandomQuoteView.swift */; };
		A567E22D2CC0DD5D00D43EF0 /* AllQuotesView.swift in Sources */ = {isa = PBXBuildFile; fileRef = A567E22C2CC0DD5D00D43EF0 /* AllQuotesView.swift */; };
		A567E22F2CC0DD7B00D43EF0 /* CategoriesView.swift in Sources */ = {isa = PBXBuildFile; fileRef = A567E22E2CC0DD7B00D43EF0 /* CategoriesView.swift */; };
		A567E2322CC0E55E00D43EF0 /* QuotesByCategoryView.swift in Sources */ = {isa = PBXBuildFile; fileRef = A567E2312CC0E55E00D43EF0 /* QuotesByCategoryView.swift */; };
		A589F5C52CC0D1600023FB85 /* Deep_Thoughts_by_Norris_2App.swift in Sources */ = {isa = PBXBuildFile; fileRef = A589F5C42CC0D1600023FB85 /* Deep_Thoughts_by_Norris_2App.swift */; };
		A589F5C72CC0D1600023FB85 /* ContentView.swift in Sources */ = {isa = PBXBuildFile; fileRef = A589F5C62CC0D1600023FB85 /* ContentView.swift */; };
		A589F5C92CC0D1610023FB85 /* Assets.xcassets in Resources */ = {isa = PBXBuildFile; fileRef = A589F5C82CC0D1610023FB85 /* Assets.xcassets */; };
		A589F5CC2CC0D1610023FB85 /* Preview Assets.xcassets in Resources */ = {isa = PBXBuildFile; fileRef = A589F5CB2CC0D1610023FB85 /* Preview Assets.xcassets */; };
/* End PBXBuildFile section */

/* Begin PBXFileReference section */
		4FA68D9D2BD59C63F980D16A /* Pods_Deep_Thoughts_by_Norris_2.framework */ = {isa = PBXFileReference; explicitFileType = wrapper.framework; includeInIndex = 0; path = Pods_Deep_Thoughts_by_Norris_2.framework; sourceTree = BUILT_PRODUCTS_DIR; };
		9216ED66ACDE921DFE7FDCC9 /* Pods-Deep Thoughts by Norris 2.release.xcconfig */ = {isa = PBXFileReference; includeInIndex = 1; lastKnownFileType = text.xcconfig; name = "Pods-Deep Thoughts by Norris 2.release.xcconfig"; path = "Target Support Files/Pods-Deep Thoughts by Norris 2/Pods-Deep Thoughts by Norris 2.release.xcconfig"; sourceTree = "<group>"; };
		A5499A7B2CC0D312002BD49E /* QuoteModel.swift */ = {isa = PBXFileReference; lastKnownFileType = sourcecode.swift; path = QuoteModel.swift; sourceTree = "<group>"; };
		A567E22A2CC0DD2E00D43EF0 /* RandomQuoteView.swift */ = {isa = PBXFileReference; lastKnownFileType = sourcecode.swift; path = RandomQuoteView.swift; sourceTree = "<group>"; };
		A567E22C2CC0DD5D00D43EF0 /* AllQuotesView.swift */ = {isa = PBXFileReference; lastKnownFileType = sourcecode.swift; path = AllQuotesView.swift; sourceTree = "<group>"; };
		A567E22E2CC0DD7B00D43EF0 /* CategoriesView.swift */ = {isa = PBXFileReference; lastKnownFileType = sourcecode.swift; path = CategoriesView.swift; sourceTree = "<group>"; };
		A567E2312CC0E55E00D43EF0 /* QuotesByCategoryView.swift */ = {isa = PBXFileReference; lastKnownFileType = sourcecode.swift; path = QuotesByCategoryView.swift; sourceTree = "<group>"; };
		A589F5C12CC0D1600023FB85 /* Deep Thoughts by Norris 2.app */ = {isa = PBXFileReference; explicitFileType = wrapper.application; includeInIndex = 0; path = "Deep Thoughts by Norris 2.app"; sourceTree = BUILT_PRODUCTS_DIR; };
		A589F5C42CC0D1600023FB85 /* Deep_Thoughts_by_Norris_2App.swift */ = {isa = PBXFileReference; lastKnownFileType = sourcecode.swift; path = Deep_Thoughts_by_Norris_2App.swift; sourceTree = "<group>"; };
		A589F5C62CC0D1600023FB85 /* ContentView.swift */ = {isa = PBXFileReference; lastKnownFileType = sourcecode.swift; path = ContentView.swift; sourceTree = "<group>"; };
		A589F5C82CC0D1610023FB85 /* Assets.xcassets */ = {isa = PBXFileReference; lastKnownFileType = folder.assetcatalog; path = Assets.xcassets; sourceTree = "<group>"; };
		A589F5CB2CC0D1610023FB85 /* Preview Assets.xcassets */ = {isa = PBXFileReference; lastKnownFileType = folder.assetcatalog; path = "Preview Assets.xcassets"; sourceTree = "<group>"; };
		D0AF04C79E4A738022DE7584 /* Pods-Deep Thoughts by Norris 2.debug.xcconfig */ = {isa = PBXFileReference; includeInIndex = 1; lastKnownFileType = text.xcconfig; name = "Pods-Deep Thoughts by Norris 2.debug.xcconfig"; path = "Target Support Files/Pods-Deep Thoughts by Norris 2/Pods-Deep Thoughts by Norris 2.debug.xcconfig"; sourceTree = "<group>"; };
/* End PBXFileReference section */

/* Begin PBXFrameworksBuildPhase section */
		A589F5BE2CC0D1600023FB85 /* Frameworks */ = {
			isa = PBXFrameworksBuildPhase;
			buildActionMask = 2147483647;
			files = (
				012C68315678B16C634301DC /* Pods_Deep_Thoughts_by_Norris_2.framework in Frameworks */,
			);
			runOnlyForDeploymentPostprocessing = 0;
		};
/* End PBXFrameworksBuildPhase section */

/* Begin PBXGroup section */
		2DF2D2F396551D308CB337F8 /* Frameworks */ = {
			isa = PBXGroup;
			children = (
				4FA68D9D2BD59C63F980D16A /* Pods_Deep_Thoughts_by_Norris_2.framework */,
			);
			name = Frameworks;
			sourceTree = "<group>";
		};
		70FB202C51436ADB23B98C6F /* Pods */ = {
			isa = PBXGroup;
			children = (
				D0AF04C79E4A738022DE7584 /* Pods-Deep Thoughts by Norris 2.debug.xcconfig */,
				9216ED66ACDE921DFE7FDCC9 /* Pods-Deep Thoughts by Norris 2.release.xcconfig */,
			);
			path = Pods;
			sourceTree = "<group>";
		};
		A567E2302CC0DDA100D43EF0 /* Views */ = {
			isa = PBXGroup;
			children = (
				A567E22A2CC0DD2E00D43EF0 /* RandomQuoteView.swift */,
				A567E2312CC0E55E00D43EF0 /* QuotesByCategoryView.swift */,
				A567E22E2CC0DD7B00D43EF0 /* CategoriesView.swift */,
				A567E22C2CC0DD5D00D43EF0 /* AllQuotesView.swift */,
				A589F5C62CC0D1600023FB85 /* ContentView.swift */,
			);
			path = Views;
			sourceTree = "<group>";
		};
		A589F5B82CC0D1600023FB85 = {
			isa = PBXGroup;
			children = (
				A589F5C32CC0D1600023FB85 /* Deep Thoughts by Norris 2 */,
				A589F5C22CC0D1600023FB85 /* Products */,
				70FB202C51436ADB23B98C6F /* Pods */,
				2DF2D2F396551D308CB337F8 /* Frameworks */,
			);
			sourceTree = "<group>";
		};
		A589F5C22CC0D1600023FB85 /* Products */ = {
			isa = PBXGroup;
			children = (
				A589F5C12CC0D1600023FB85 /* Deep Thoughts by Norris 2.app */,
			);
			name = Products;
			sourceTree = "<group>";
		};
		A589F5C32CC0D1600023FB85 /* Deep Thoughts by Norris 2 */ = {
			isa = PBXGroup;
			children = (
				A589F5C42CC0D1600023FB85 /* Deep_Thoughts_by_Norris_2App.swift */,
				A5499A7B2CC0D312002BD49E /* QuoteModel.swift */,
				A567E2302CC0DDA100D43EF0 /* Views */,
				A589F5C82CC0D1610023FB85 /* Assets.xcassets */,
				A589F5CA2CC0D1610023FB85 /* Preview Content */,
			);
			path = "Deep Thoughts by Norris 2";
			sourceTree = "<group>";
		};
		A589F5CA2CC0D1610023FB85 /* Preview Content */ = {
			isa = PBXGroup;
			children = (
				A589F5CB2CC0D1610023FB85 /* Preview Assets.xcassets */,
			);
			path = "Preview Content";
			sourceTree = "<group>";
		};
/* End PBXGroup section */

/* Begin PBXNativeTarget section */
		A589F5C02CC0D1600023FB85 /* Deep Thoughts by Norris 2 */ = {
			isa = PBXNativeTarget;
			buildConfigurationList = A589F5CF2CC0D1610023FB85 /* Build configuration list for PBXNativeTarget "Deep Thoughts by Norris 2" */;
			buildPhases = (
				D7EE5D99D1E4E1BDF73C7C97 /* [CP] Check Pods Manifest.lock */,
				A589F5BD2CC0D1600023FB85 /* Sources */,
				A589F5BE2CC0D1600023FB85 /* Frameworks */,
				A589F5BF2CC0D1600023FB85 /* Resources */,
				9FB7029E000363B16F9840F0 /* [CP] Embed Pods Frameworks */,
			);
			buildRules = (
			);
			dependencies = (
			);
			name = "Deep Thoughts by Norris 2";
			productName = "Deep Thoughts by Norris 2";
			productReference = A589F5C12CC0D1600023FB85 /* Deep Thoughts by Norris 2.app */;
			productType = "com.apple.product-type.application";
		};
/* End PBXNativeTarget section */

/* Begin PBXProject section */
		A589F5B92CC0D1600023FB85 /* Project object */ = {
			isa = PBXProject;
			attributes = {
				BuildIndependentTargetsInParallel = 1;
				LastSwiftUpdateCheck = 1540;
				LastUpgradeCheck = 1540;
				TargetAttributes = {
					A589F5C02CC0D1600023FB85 = {
						CreatedOnToolsVersion = 15.4;
					};
				};
			};
			buildConfigurationList = A589F5BC2CC0D1600023FB85 /* Build configuration list for PBXProject "Deep Thoughts by Norris 2" */;
			compatibilityVersion = "Xcode 14.0";
			developmentRegion = en;
			hasScannedForEncodings = 0;
			knownRegions = (
				en,
				Base,
			);
			mainGroup = A589F5B82CC0D1600023FB85;
			productRefGroup = A589F5C22CC0D1600023FB85 /* Products */;
			projectDirPath = "";
			projectRoot = "";
			targets = (
				A589F5C02CC0D1600023FB85 /* Deep Thoughts by Norris 2 */,
			);
		};
/* End PBXProject section */

/* Begin PBXResourcesBuildPhase section */
		A589F5BF2CC0D1600023FB85 /* Resources */ = {
			isa = PBXResourcesBuildPhase;
			buildActionMask = 2147483647;
			files = (
				A589F5CC2CC0D1610023FB85 /* Preview Assets.xcassets in Resources */,
				A589F5C92CC0D1610023FB85 /* Assets.xcassets in Resources */,
			);
			runOnlyForDeploymentPostprocessing = 0;
		};
/* End PBXResourcesBuildPhase section */

/* Begin PBXShellScriptBuildPhase section */
		9FB7029E000363B16F9840F0 /* [CP] Embed Pods Frameworks */ = {
			isa = PBXShellScriptBuildPhase;
			buildActionMask = 2147483647;
			files = (
			);
			inputFileListPaths = (
				"${PODS_ROOT}/Target Support Files/Pods-Deep Thoughts by Norris 2/Pods-Deep Thoughts by Norris 2-frameworks-${CONFIGURATION}-input-files.xcfilelist",
			);
			name = "[CP] Embed Pods Frameworks";
			outputFileListPaths = (
				"${PODS_ROOT}/Target Support Files/Pods-Deep Thoughts by Norris 2/Pods-Deep Thoughts by Norris 2-frameworks-${CONFIGURATION}-output-files.xcfilelist",
			);
			runOnlyForDeploymentPostprocessing = 0;
			shellPath = /bin/sh;
			shellScript = "\"${PODS_ROOT}/Target Support Files/Pods-Deep Thoughts by Norris 2/Pods-Deep Thoughts by Norris 2-frameworks.sh\"\n";
			showEnvVarsInLog = 0;
		};
		D7EE5D99D1E4E1BDF73C7C97 /* [CP] Check Pods Manifest.lock */ = {
			isa = PBXShellScriptBuildPhase;
			buildActionMask = 2147483647;
			files = (
			);
			inputFileListPaths = (
			);
			inputPaths = (
				"${PODS_PODFILE_DIR_PATH}/Podfile.lock",
				"${PODS_ROOT}/Manifest.lock",
			);
			name = "[CP] Check Pods Manifest.lock";
			outputFileListPaths = (
			);
			outputPaths = (
				"$(DERIVED_FILE_DIR)/Pods-Deep Thoughts by Norris 2-checkManifestLockResult.txt",
			);
			runOnlyForDeploymentPostprocessing = 0;
			shellPath = /bin/sh;
			shellScript = "diff \"${PODS_PODFILE_DIR_PATH}/Podfile.lock\" \"${PODS_ROOT}/Manifest.lock\" > /dev/null\nif [ $? != 0 ] ; then\n    # print error to STDERR\n    echo \"error: The sandbox is not in sync with the Podfile.lock. Run 'pod install' or update your CocoaPods installation.\" >&2\n    exit 1\nfi\n# This output is used by Xcode 'outputs' to avoid re-running this script phase.\necho \"SUCCESS\" > \"${SCRIPT_OUTPUT_FILE_0}\"\n";
			showEnvVarsInLog = 0;
		};
/* End PBXShellScriptBuildPhase section */

/* Begin PBXSourcesBuildPhase section */
		A589F5BD2CC0D1600023FB85 /* Sources */ = {
			isa = PBXSourcesBuildPhase;
			buildActionMask = 2147483647;
			files = (
				A567E2322CC0E55E00D43EF0 /* QuotesByCategoryView.swift in Sources */,
				A5499A7C2CC0D312002BD49E /* QuoteModel.swift in Sources */,
				A567E22D2CC0DD5D00D43EF0 /* AllQuotesView.swift in Sources */,
				A567E22F2CC0DD7B00D43EF0 /* CategoriesView.swift in Sources */,
				A589F5C72CC0D1600023FB85 /* ContentView.swift in Sources */,
				A567E22B2CC0DD2E00D43EF0 /* RandomQuoteView.swift in Sources */,
				A589F5C52CC0D1600023FB85 /* Deep_Thoughts_by_Norris_2App.swift in Sources */,
			);
			runOnlyForDeploymentPostprocessing = 0;
		};
/* End PBXSourcesBuildPhase section */

/* Begin XCBuildConfiguration section */
		A589F5CD2CC0D1610023FB85 /* Debug */ = {
			isa = XCBuildConfiguration;
			buildSettings = {
				ALWAYS_SEARCH_USER_PATHS = NO;
				ASSETCATALOG_COMPILER_GENERATE_SWIFT_ASSET_SYMBOL_EXTENSIONS = YES;
				CLANG_ANALYZER_NONNULL = YES;
				CLANG_ANALYZER_NUMBER_OBJECT_CONVERSION = YES_AGGRESSIVE;
				CLANG_CXX_LANGUAGE_STANDARD = "gnu++20";
				CLANG_ENABLE_MODULES = YES;
				CLANG_ENABLE_OBJC_ARC = YES;
				CLANG_ENABLE_OBJC_WEAK = YES;
				CLANG_WARN_BLOCK_CAPTURE_AUTORELEASING = YES;
				CLANG_WARN_BOOL_CONVERSION = YES;
				CLANG_WARN_COMMA = YES;
				CLANG_WARN_CONSTANT_CONVERSION = YES;
				CLANG_WARN_DEPRECATED_OBJC_IMPLEMENTATIONS = YES;
				CLANG_WARN_DIRECT_OBJC_ISA_USAGE = YES_ERROR;
				CLANG_WARN_DOCUMENTATION_COMMENTS = YES;
				CLANG_WARN_EMPTY_BODY = YES;
				CLANG_WARN_ENUM_CONVERSION = YES;
				CLANG_WARN_INFINITE_RECURSION = YES;
				CLANG_WARN_INT_CONVERSION = YES;
				CLANG_WARN_NON_LITERAL_NULL_CONVERSION = YES;
				CLANG_WARN_OBJC_IMPLICIT_RETAIN_SELF = YES;
				CLANG_WARN_OBJC_LITERAL_CONVERSION = YES;
				CLANG_WARN_OBJC_ROOT_CLASS = YES_ERROR;
				CLANG_WARN_QUOTED_INCLUDE_IN_FRAMEWORK_HEADER = YES;
				CLANG_WARN_RANGE_LOOP_ANALYSIS = YES;
				CLANG_WARN_STRICT_PROTOTYPES = YES;
				CLANG_WARN_SUSPICIOUS_MOVE = YES;
				CLANG_WARN_UNGUARDED_AVAILABILITY = YES_AGGRESSIVE;
				CLANG_WARN_UNREACHABLE_CODE = YES;
				CLANG_WARN__DUPLICATE_METHOD_MATCH = YES;
				COPY_PHASE_STRIP = NO;
				DEBUG_INFORMATION_FORMAT = dwarf;
				ENABLE_STRICT_OBJC_MSGSEND = YES;
				ENABLE_TESTABILITY = YES;
				ENABLE_USER_SCRIPT_SANDBOXING = NO;
				GCC_C_LANGUAGE_STANDARD = gnu17;
				GCC_DYNAMIC_NO_PIC = NO;
				GCC_NO_COMMON_BLOCKS = YES;
				GCC_OPTIMIZATION_LEVEL = 0;
				GCC_PREPROCESSOR_DEFINITIONS = (
					"DEBUG=1",
					"$(inherited)",
				);
				GCC_WARN_64_TO_32_BIT_CONVERSION = YES;
				GCC_WARN_ABOUT_RETURN_TYPE = YES_ERROR;
				GCC_WARN_UNDECLARED_SELECTOR = YES;
				GCC_WARN_UNINITIALIZED_AUTOS = YES_AGGRESSIVE;
				GCC_WARN_UNUSED_FUNCTION = YES;
				GCC_WARN_UNUSED_VARIABLE = YES;
				IPHONEOS_DEPLOYMENT_TARGET = 17.5;
				LOCALIZATION_PREFERS_STRING_CATALOGS = YES;
				MTL_ENABLE_DEBUG_INFO = INCLUDE_SOURCE;
				MTL_FAST_MATH = YES;
				ONLY_ACTIVE_ARCH = YES;
				SDKROOT = iphoneos;
				SWIFT_ACTIVE_COMPILATION_CONDITIONS = "DEBUG $(inherited)";
				SWIFT_OPTIMIZATION_LEVEL = "-Onone";
			};
			name = Debug;
		};
		A589F5CE2CC0D1610023FB85 /* Release */ = {
			isa = XCBuildConfiguration;
			buildSettings = {
				ALWAYS_SEARCH_USER_PATHS = NO;
				ASSETCATALOG_COMPILER_GENERATE_SWIFT_ASSET_SYMBOL_EXTENSIONS = YES;
				CLANG_ANALYZER_NONNULL = YES;
				CLANG_ANALYZER_NUMBER_OBJECT_CONVERSION = YES_AGGRESSIVE;
				CLANG_CXX_LANGUAGE_STANDARD = "gnu++20";
				CLANG_ENABLE_MODULES = YES;
				CLANG_ENABLE_OBJC_ARC = YES;
				CLANG_ENABLE_OBJC_WEAK = YES;
				CLANG_WARN_BLOCK_CAPTURE_AUTORELEASING = YES;
				CLANG_WARN_BOOL_CONVERSION = YES;
				CLANG_WARN_COMMA = YES;
				CLANG_WARN_CONSTANT_CONVERSION = YES;
				CLANG_WARN_DEPRECATED_OBJC_IMPLEMENTATIONS = YES;
				CLANG_WARN_DIRECT_OBJC_ISA_USAGE = YES_ERROR;
				CLANG_WARN_DOCUMENTATION_COMMENTS = YES;
				CLANG_WARN_EMPTY_BODY = YES;
				CLANG_WARN_ENUM_CONVERSION = YES;
				CLANG_WARN_INFINITE_RECURSION = YES;
				CLANG_WARN_INT_CONVERSION = YES;
				CLANG_WARN_NON_LITERAL_NULL_CONVERSION = YES;
				CLANG_WARN_OBJC_IMPLICIT_RETAIN_SELF = YES;
				CLANG_WARN_OBJC_LITERAL_CONVERSION = YES;
				CLANG_WARN_OBJC_ROOT_CLASS = YES_ERROR;
				CLANG_WARN_QUOTED_INCLUDE_IN_FRAMEWORK_HEADER = YES;
				CLANG_WARN_RANGE_LOOP_ANALYSIS = YES;
				CLANG_WARN_STRICT_PROTOTYPES = YES;
				CLANG_WARN_SUSPICIOUS_MOVE = YES;
				CLANG_WARN_UNGUARDED_AVAILABILITY = YES_AGGRESSIVE;
				CLANG_WARN_UNREACHABLE_CODE = YES;
				CLANG_WARN__DUPLICATE_METHOD_MATCH = YES;
				COPY_PHASE_STRIP = NO;
				DEBUG_INFORMATION_FORMAT = "dwarf-with-dsym";
				ENABLE_NS_ASSERTIONS = NO;
				ENABLE_STRICT_OBJC_MSGSEND = YES;
				ENABLE_USER_SCRIPT_SANDBOXING = NO;
				GCC_C_LANGUAGE_STANDARD = gnu17;
				GCC_NO_COMMON_BLOCKS = YES;
				GCC_WARN_64_TO_32_BIT_CONVERSION = YES;
				GCC_WARN_ABOUT_RETURN_TYPE = YES_ERROR;
				GCC_WARN_UNDECLARED_SELECTOR = YES;
				GCC_WARN_UNINITIALIZED_AUTOS = YES_AGGRESSIVE;
				GCC_WARN_UNUSED_FUNCTION = YES;
				GCC_WARN_UNUSED_VARIABLE = YES;
				IPHONEOS_DEPLOYMENT_TARGET = 17.5;
				LOCALIZATION_PREFERS_STRING_CATALOGS = YES;
				MTL_ENABLE_DEBUG_INFO = NO;
				MTL_FAST_MATH = YES;
				SDKROOT = iphoneos;
				SWIFT_COMPILATION_MODE = wholemodule;
				VALIDATE_PRODUCT = YES;
			};
			name = Release;
		};
		A589F5D02CC0D1610023FB85 /* Debug */ = {
			isa = XCBuildConfiguration;
			baseConfigurationReference = D0AF04C79E4A738022DE7584 /* Pods-Deep Thoughts by Norris 2.debug.xcconfig */;
			buildSettings = {
				ASSETCATALOG_COMPILER_APPICON_NAME = AppIcon;
				ASSETCATALOG_COMPILER_GLOBAL_ACCENT_COLOR_NAME = AccentColor;
				CODE_SIGN_STYLE = Automatic;
				CURRENT_PROJECT_VERSION = 1;
				DEVELOPMENT_ASSET_PATHS = "\"Deep Thoughts by Norris 2/Preview Content\"";
				ENABLE_PREVIEWS = YES;
				GENERATE_INFOPLIST_FILE = YES;
				INFOPLIST_KEY_UIApplicationSceneManifest_Generation = YES;
				INFOPLIST_KEY_UIApplicationSupportsIndirectInputEvents = YES;
				INFOPLIST_KEY_UILaunchScreen_Generation = YES;
				INFOPLIST_KEY_UISupportedInterfaceOrientations_iPad = "UIInterfaceOrientationPortrait UIInterfaceOrientationPortraitUpsideDown UIInterfaceOrientationLandscapeLeft UIInterfaceOrientationLandscapeRight";
				INFOPLIST_KEY_UISupportedInterfaceOrientations_iPhone = "UIInterfaceOrientationPortrait UIInterfaceOrientationLandscapeLeft UIInterfaceOrientationLandscapeRight";
				LD_RUNPATH_SEARCH_PATHS = (
					"$(inherited)",
					"@executable_path/Frameworks",
				);
				MARKETING_VERSION = 1.0;
				PRODUCT_BUNDLE_IDENTIFIER = "com.MSergey95.Deep-Thoughts-by-Norris-2";
				PRODUCT_NAME = "$(TARGET_NAME)";
				SWIFT_EMIT_LOC_STRINGS = YES;
				SWIFT_VERSION = 5.0;
				TARGETED_DEVICE_FAMILY = "1,2";
			};
			name = Debug;
		};
		A589F5D12CC0D1610023FB85 /* Release */ = {
			isa = XCBuildConfiguration;
			baseConfigurationReference = 9216ED66ACDE921DFE7FDCC9 /* Pods-Deep Thoughts by Norris 2.release.xcconfig */;
			buildSettings = {
				ASSETCATALOG_COMPILER_APPICON_NAME = AppIcon;
				ASSETCATALOG_COMPILER_GLOBAL_ACCENT_COLOR_NAME = AccentColor;
				CODE_SIGN_STYLE = Automatic;
				CURRENT_PROJECT_VERSION = 1;
				DEVELOPMENT_ASSET_PATHS = "\"Deep Thoughts by Norris 2/Preview Content\"";
				ENABLE_PREVIEWS = YES;
				GENERATE_INFOPLIST_FILE = YES;
				INFOPLIST_KEY_UIApplicationSceneManifest_Generation = YES;
				INFOPLIST_KEY_UIApplicationSupportsIndirectInputEvents = YES;
				INFOPLIST_KEY_UILaunchScreen_Generation = YES;
				INFOPLIST_KEY_UISupportedInterfaceOrientations_iPad = "UIInterfaceOrientationPortrait UIInterfaceOrientationPortraitUpsideDown UIInterfaceOrientationLandscapeLeft UIInterfaceOrientationLandscapeRight";
				INFOPLIST_KEY_UISupportedInterfaceOrientations_iPhone = "UIInterfaceOrientationPortrait UIInterfaceOrientationLandscapeLeft UIInterfaceOrientationLandscapeRight";
				LD_RUNPATH_SEARCH_PATHS = (
					"$(inherited)",
					"@executable_path/Frameworks",
				);
				MARKETING_VERSION = 1.0;
				PRODUCT_BUNDLE_IDENTIFIER = "com.MSergey95.Deep-Thoughts-by-Norris-2";
				PRODUCT_NAME = "$(TARGET_NAME)";
				SWIFT_EMIT_LOC_STRINGS = YES;
				SWIFT_VERSION = 5.0;
				TARGETED_DEVICE_FAMILY = "1,2";
			};
			name = Release;
		};
/* End XCBuildConfiguration section */

/* Begin XCConfigurationList section */
		A589F5BC2CC0D1600023FB85 /* Build configuration list for PBXProject "Deep Thoughts by Norris 2" */ = {
			isa = XCConfigurationList;
			buildConfigurations = (
				A589F5CD2CC0D1610023FB85 /* Debug */,
				A589F5CE2CC0D1610023FB85 /* Release */,
			);
			defaultConfigurationIsVisible = 0;
			defaultConfigurationName = Release;
		};
		A589F5CF2CC0D1610023FB85 /* Build configuration list for PBXNativeTarget "Deep Thoughts by Norris 2" */ = {
			isa = XCConfigurationList;
			buildConfigurations = (
				A589F5D02CC0D1610023FB85 /* Debug */,
				A589F5D12CC0D1610023FB85 /* Release */,
			);
			defaultConfigurationIsVisible = 0;
			defaultConfigurationName = Release;
		};
/* End XCConfigurationList section */
	};
	rootObject = A589F5B92CC0D1600023FB85 /* Project object */;
}
